
Microsoft Visual Studio Solution File, Format Version 12.00
# Visual Studio Version 17
VisualStudioVersion = 17.14.36717.8 d17.14
MinimumVisualStudioVersion = 10.0.40219.1
Project("{FAE04EC0-301F-11D3-BF4B-00C04F79EFBC}") = "HealthEco.Core", "HealthEco.Core\HealthEco.Core.csproj", "{522904C6-A3DC-48FA-9A49-33C10F08159A}"
EndProject
Project("{FAE04EC0-301F-11D3-BF4B-00C04F79EFBC}") = "HealthEco.Infrastructure", "HealthEco.Infrastructure\HealthEco.Infrastructure.csproj", "{F73C6295-0902-4EC7-BAE2-4D3DC5C0773F}"
EndProject
Project("{FAE04EC0-301F-11D3-BF4B-00C04F79EFBC}") = "HealthEco.Application", "HealthEco.Application\HealthEco.Application.csproj", "{3EDD98CA-1C27-4AD5-92C0-5E7654504A72}"
EndProject
Project("{FAE04EC0-301F-11D3-BF4B-00C04F79EFBC}") = "HealthEco.API", "HealthEco.API\HealthEco.API.csproj", "{443C2D6E-8671-4174-A3DD-308DD8C4B11C}"
EndProject
Global
	GlobalSection(SolutionConfigurationPlatforms) = preSolution
		Debug|Any CPU = Debug|Any CPU
		Release|Any CPU = Release|Any CPU
	EndGlobalSection
	GlobalSection(ProjectConfigurationPlatforms) = postSolution
		{522904C6-A3DC-48FA-9A49-33C10F08159A}.Debug|Any CPU.ActiveCfg = Debug|Any CPU
		{522904C6-A3DC-48FA-9A49-33C10F08159A}.Debug|Any CPU.Build.0 = Debug|Any CPU
		{522904C6-A3DC-48FA-9A49-33C10F08159A}.Release|Any CPU.ActiveCfg = Release|Any CPU
		{522904C6-A3DC-48FA-9A49-33C10F08159A}.Release|Any CPU.Build.0 = Release|Any CPU
		{F73C6295-0902-4EC7-BAE2-4D3DC5C0773F}.Debug|Any CPU.ActiveCfg = Debug|Any CPU
		{F73C6295-0902-4EC7-BAE2-4D3DC5C0773F}.Debug|Any CPU.Build.0 = Debug|Any CPU
		{F73C6295-0902-4EC7-BAE2-4D3DC5C0773F}.Release|Any CPU.ActiveCfg = Release|Any CPU
		{F73C6295-0902-4EC7-BAE2-4D3DC5C0773F}.Release|Any CPU.Build.0 = Release|Any CPU
		{3EDD98CA-1C27-4AD5-92C0-5E7654504A72}.Debug|Any CPU.ActiveCfg = Debug|Any CPU
		{3EDD98CA-1C27-4AD5-92C0-5E7654504A72}.Debug|Any CPU.Build.0 = Debug|Any CPU
		{3EDD98CA-1C27-4AD5-92C0-5E7654504A72}.Release|Any CPU.ActiveCfg = Release|Any CPU
		{3EDD98CA-1C27-4AD5-92C0-5E7654504A72}.Release|Any CPU.Build.0 = Release|Any CPU
		{443C2D6E-8671-4174-A3DD-308DD8C4B11C}.Debug|Any CPU.ActiveCfg = Debug|Any CPU
		{443C2D6E-8671-4174-A3DD-308DD8C4B11C}.Debug|Any CPU.Build.0 = Debug|Any CPU
		{443C2D6E-8671-4174-A3DD-308DD8C4B11C}.Release|Any CPU.ActiveCfg = Release|Any CPU
		{443C2D6E-8671-4174-A3DD-308DD8C4B11C}.Release|Any CPU.Build.0 = Release|Any CPU
	EndGlobalSection
	GlobalSection(SolutionProperties) = preSolution
		HideSolutionNode = FALSE
	EndGlobalSection
	GlobalSection(ExtensibilityGlobals) = postSolution
		SolutionGuid = {A4CE8E8F-ADEF-442D-B46B-7AE3BB7616A6}
	EndGlobalSection
EndGlobal
